
Microsoft Visual Studio Solution File, Format Version 12.00
# Visual Studio Version 17
VisualStudioVersion = 17.0.31903.59
MinimumVisualStudioVersion = 10.0.40219.1
Project("{2150E333-8FDC-42A3-9474-1A3956D46DE8}") = "src", "src", "{827E0CD3-B72D-47B6-A68D-7590B98EB39B}"
EndProject
Project("{FAE04EC0-301F-11D3-BF4B-00C04F79EFBC}") = "FoodOrderingSystem.Core", "src\FoodOrderingSystem.Core\FoodOrderingSystem.Core.csproj", "{F88985F6-9C28-41DF-931D-A022BA7C2D21}"
EndProject
Project("{FAE04EC0-301F-11D3-BF4B-00C04F79EFBC}") = "FoodOrderingSystem.Infrastructure", "src\FoodOrderingSystem.Infrastructure\FoodOrderingSystem.Infrastructure.csproj", "{54FE4013-0EA3-4D12-A189-131A90C432EA}"
EndProject
Project("{FAE04EC0-301F-11D3-BF4B-00C04F79EFBC}") = "FoodOrderingSystem.API", "src\FoodOrderingSystem.API\FoodOrderingSystem.API.csproj", "{A2DD04FA-42E3-4875-AEE2-92796532E0C4}"
EndProject
Project("{FAE04EC0-301F-11D3-BF4B-00C04F79EFBC}") = "FoodOrderingSystem.Web", "src\FoodOrderingSystem.Web\FoodOrderingSystem.Web.csproj", "{BCA8C755-D14D-4879-8358-82215A6B2601}"
EndProject
Global
	GlobalSection(SolutionConfigurationPlatforms) = preSolution
		Debug|Any CPU = Debug|Any CPU
		Debug|x64 = Debug|x64
		Debug|x86 = Debug|x86
		Release|Any CPU = Release|Any CPU
		Release|x64 = Release|x64
		Release|x86 = Release|x86
	EndGlobalSection
	GlobalSection(ProjectConfigurationPlatforms) = postSolution
		{F88985F6-9C28-41DF-931D-A022BA7C2D21}.Debug|Any CPU.ActiveCfg = Debug|Any CPU
		{F88985F6-9C28-41DF-931D-A022BA7C2D21}.Debug|Any CPU.Build.0 = Debug|Any CPU
		{F88985F6-9C28-41DF-931D-A022BA7C2D21}.Debug|x64.ActiveCfg = Debug|Any CPU
		{F88985F6-9C28-41DF-931D-A022BA7C2D21}.Debug|x64.Build.0 = Debug|Any CPU
		{F88985F6-9C28-41DF-931D-A022BA7C2D21}.Debug|x86.ActiveCfg = Debug|Any CPU
		{F88985F6-9C28-41DF-931D-A022BA7C2D21}.Debug|x86.Build.0 = Debug|Any CPU
		{F88985F6-9C28-41DF-931D-A022BA7C2D21}.Release|Any CPU.ActiveCfg = Release|Any CPU
		{F88985F6-9C28-41DF-931D-A022BA7C2D21}.Release|Any CPU.Build.0 = Release|Any CPU
		{F88985F6-9C28-41DF-931D-A022BA7C2D21}.Release|x64.ActiveCfg = Release|Any CPU
		{F88985F6-9C28-41DF-931D-A022BA7C2D21}.Release|x64.Build.0 = Release|Any CPU
		{F88985F6-9C28-41DF-931D-A022BA7C2D21}.Release|x86.ActiveCfg = Release|Any CPU
		{F88985F6-9C28-41DF-931D-A022BA7C2D21}.Release|x86.Build.0 = Release|Any CPU
		{54FE4013-0EA3-4D12-A189-131A90C432EA}.Debug|Any CPU.ActiveCfg = Debug|Any CPU
		{54FE4013-0EA3-4D12-A189-131A90C432EA}.Debug|Any CPU.Build.0 = Debug|Any CPU
		{54FE4013-0EA3-4D12-A189-131A90C432EA}.Debug|x64.ActiveCfg = Debug|Any CPU
		{54FE4013-0EA3-4D12-A189-131A90C432EA}.Debug|x64.Build.0 = Debug|Any CPU
		{54FE4013-0EA3-4D12-A189-131A90C432EA}.Debug|x86.ActiveCfg = Debug|Any CPU
		{54FE4013-0EA3-4D12-A189-131A90C432EA}.Debug|x86.Build.0 = Debug|Any CPU
		{54FE4013-0EA3-4D12-A189-131A90C432EA}.Release|Any CPU.ActiveCfg = Release|Any CPU
		{54FE4013-0EA3-4D12-A189-131A90C432EA}.Release|Any CPU.Build.0 = Release|Any CPU
		{54FE4013-0EA3-4D12-A189-131A90C432EA}.Release|x64.ActiveCfg = Release|Any CPU
		{54FE4013-0EA3-4D12-A189-131A90C432EA}.Release|x64.Build.0 = Release|Any CPU
		{54FE4013-0EA3-4D12-A189-131A90C432EA}.Release|x86.ActiveCfg = Release|Any CPU
		{54FE4013-0EA3-4D12-A189-131A90C432EA}.Release|x86.Build.0 = Release|Any CPU
		{A2DD04FA-42E3-4875-AEE2-92796532E0C4}.Debug|Any CPU.ActiveCfg = Debug|Any CPU
		{A2DD04FA-42E3-4875-AEE2-92796532E0C4}.Debug|Any CPU.Build.0 = Debug|Any CPU
		{A2DD04FA-42E3-4875-AEE2-92796532E0C4}.Debug|x64.ActiveCfg = Debug|Any CPU
		{A2DD04FA-42E3-4875-AEE2-92796532E0C4}.Debug|x64.Build.0 = Debug|Any CPU
		{A2DD04FA-42E3-4875-AEE2-92796532E0C4}.Debug|x86.ActiveCfg = Debug|Any CPU
		{A2DD04FA-42E3-4875-AEE2-92796532E0C4}.Debug|x86.Build.0 = Debug|Any CPU
		{A2DD04FA-42E3-4875-AEE2-92796532E0C4}.Release|Any CPU.ActiveCfg = Release|Any CPU
		{A2DD04FA-42E3-4875-AEE2-92796532E0C4}.Release|Any CPU.Build.0 = Release|Any CPU
		{A2DD04FA-42E3-4875-AEE2-92796532E0C4}.Release|x64.ActiveCfg = Release|Any CPU
		{A2DD04FA-42E3-4875-AEE2-92796532E0C4}.Release|x64.Build.0 = Release|Any CPU
		{A2DD04FA-42E3-4875-AEE2-92796532E0C4}.Release|x86.ActiveCfg = Release|Any CPU
		{A2DD04FA-42E3-4875-AEE2-92796532E0C4}.Release|x86.Build.0 = Release|Any CPU
		{BCA8C755-D14D-4879-8358-82215A6B2601}.Debug|Any CPU.ActiveCfg = Debug|Any CPU
		{BCA8C755-D14D-4879-8358-82215A6B2601}.Debug|Any CPU.Build.0 = Debug|Any CPU
		{BCA8C755-D14D-4879-8358-82215A6B2601}.Debug|x64.ActiveCfg = Debug|Any CPU
		{BCA8C755-D14D-4879-8358-82215A6B2601}.Debug|x64.Build.0 = Debug|Any CPU
		{BCA8C755-D14D-4879-8358-82215A6B2601}.Debug|x86.ActiveCfg = Debug|Any CPU
		{BCA8C755-D14D-4879-8358-82215A6B2601}.Debug|x86.Build.0 = Debug|Any CPU
		{BCA8C755-D14D-4879-8358-82215A6B2601}.Release|Any CPU.ActiveCfg = Release|Any CPU
		{BCA8C755-D14D-4879-8358-82215A6B2601}.Release|Any CPU.Build.0 = Release|Any CPU
		{BCA8C755-D14D-4879-8358-82215A6B2601}.Release|x64.ActiveCfg = Release|Any CPU
		{BCA8C755-D14D-4879-8358-82215A6B2601}.Release|x64.Build.0 = Release|Any CPU
		{BCA8C755-D14D-4879-8358-82215A6B2601}.Release|x86.ActiveCfg = Release|Any CPU
		{BCA8C755-D14D-4879-8358-82215A6B2601}.Release|x86.Build.0 = Release|Any CPU
	EndGlobalSection
	GlobalSection(SolutionProperties) = preSolution
		HideSolutionNode = FALSE
	EndGlobalSection
	GlobalSection(NestedProjects) = preSolution
		{F88985F6-9C28-41DF-931D-A022BA7C2D21} = {827E0CD3-B72D-47B6-A68D-7590B98EB39B}
		{54FE4013-0EA3-4D12-A189-131A90C432EA} = {827E0CD3-B72D-47B6-A68D-7590B98EB39B}
		{A2DD04FA-42E3-4875-AEE2-92796532E0C4} = {827E0CD3-B72D-47B6-A68D-7590B98EB39B}
		{BCA8C755-D14D-4879-8358-82215A6B2601} = {827E0CD3-B72D-47B6-A68D-7590B98EB39B}
	EndGlobalSection
EndGlobal
