Microsoft Visual Studio Solution File, Format Version 12.00
# Visual Studio Version 17
VisualStudioVersion = 17.5.2.0
MinimumVisualStudioVersion = 10.0.40219.1
Project("{FAE04EC0-301F-11D3-BF4B-00C04F79EFBC}") = "Employee_Management_System", "Employee_Management_System.csproj", "{171E3AFA-FCCF-A4AD-C4A3-C99F65102DE5}"
EndProject
Global
	GlobalSection(SolutionConfigurationPlatforms) = preSolution
		Debug|Any CPU = Debug|Any CPU
		Release|Any CPU = Release|Any CPU
	EndGlobalSection
	GlobalSection(ProjectConfigurationPlatforms) = postSolution
		{171E3AFA-FCCF-A4AD-C4A3-C99F65102DE5}.Debug|Any CPU.ActiveCfg = Debug|Any CPU
		{171E3AFA-FCCF-A4AD-C4A3-C99F65102DE5}.Debug|Any CPU.Build.0 = Debug|Any CPU
		{171E3AFA-FCCF-A4AD-C4A3-C99F65102DE5}.Release|Any CPU.ActiveCfg = Release|Any CPU
		{171E3AFA-FCCF-A4AD-C4A3-C99F65102DE5}.Release|Any CPU.Build.0 = Release|Any CPU
	EndGlobalSection
	GlobalSection(SolutionProperties) = preSolution
		HideSolutionNode = FALSE
	EndGlobalSection
	GlobalSection(ExtensibilityGlobals) = postSolution
		SolutionGuid = {3D035D1E-3803-41DF-B0A2-815E0ED5334D}
	EndGlobalSection
EndGlobal
